
Microsoft Visual Studio Solution File, Format Version 12.00
# Visual Studio 2013
VisualStudioVersion = 12.0.31101.0
MinimumVisualStudioVersion = 10.0.40219.1
Project("{FAE04EC0-301F-11D3-BF4B-00C04F79EFBC}") = "Jackett", "Jackett\Jackett.csproj", "{E636D5F8-68B4-4903-B4ED-CCFD9C9E899F}"
EndProject
Project("{FAE04EC0-301F-11D3-BF4B-00C04F79EFBC}") = "CurlSharp", "CurlSharp\CurlSharp.csproj", "{74420A79-CC16-442C-8B1E-7C1B913844F0}"
EndProject
Project("{2150E333-8FDC-42A3-9474-1A3956D46DE8}") = "Solution Items", "Solution Items", "{BE7B0C8A-6144-47CD-821E-B09BA1B7BADE}"
	ProjectSection(SolutionItems) = preProject
		..\LICENSE = ..\LICENSE
		..\README.md = ..\README.md
	EndProjectSection
EndProject
Global
	GlobalSection(SolutionConfigurationPlatforms) = preSolution
		Debug|Any CPU = Debug|Any CPU
		Release|Any CPU = Release|Any CPU
	EndGlobalSection
	GlobalSection(ProjectConfigurationPlatforms) = postSolution
		{E636D5F8-68B4-4903-B4ED-CCFD9C9E899F}.Debug|Any CPU.ActiveCfg = Debug|Any CPU
		{E636D5F8-68B4-4903-B4ED-CCFD9C9E899F}.Debug|Any CPU.Build.0 = Debug|Any CPU
		{E636D5F8-68B4-4903-B4ED-CCFD9C9E899F}.Release|Any CPU.ActiveCfg = Release|Any CPU
		{E636D5F8-68B4-4903-B4ED-CCFD9C9E899F}.Release|Any CPU.Build.0 = Release|Any CPU
		{74420A79-CC16-442C-8B1E-7C1B913844F0}.Debug|Any CPU.ActiveCfg = Debug|Any CPU
		{74420A79-CC16-442C-8B1E-7C1B913844F0}.Debug|Any CPU.Build.0 = Debug|Any CPU
		{74420A79-CC16-442C-8B1E-7C1B913844F0}.Release|Any CPU.ActiveCfg = Release|Any CPU
		{74420A79-CC16-442C-8B1E-7C1B913844F0}.Release|Any CPU.Build.0 = Release|Any CPU
	EndGlobalSection
	GlobalSection(SolutionProperties) = preSolution
		HideSolutionNode = FALSE
	EndGlobalSection
	GlobalSection(MonoDevelopProperties) = preSolution
		Policies = $0
		$0.TextStylePolicy = $1
		$1.inheritsSet = VisualStudio
		$1.inheritsScope = text/plain
		$1.scope = text/x-csharp
		$0.CSharpFormattingPolicy = $2
		$2.IndentSwitchBody = True
		$2.IndentBlocksInsideExpressions = True
		$2.AnonymousMethodBraceStyle = NextLine
		$2.PropertyBraceStyle = NextLine
		$2.PropertyGetBraceStyle = NextLine
		$2.PropertySetBraceStyle = NextLine
		$2.EventBraceStyle = NextLine
		$2.EventAddBraceStyle = NextLine
		$2.EventRemoveBraceStyle = NextLine
		$2.StatementBraceStyle = NextLine
		$2.ElseNewLinePlacement = NewLine
		$2.CatchNewLinePlacement = NewLine
		$2.FinallyNewLinePlacement = NewLine
		$2.WhileNewLinePlacement = DoNotCare
		$2.ArrayInitializerWrapping = DoNotChange
		$2.ArrayInitializerBraceStyle = NextLine
		$2.BeforeMethodDeclarationParentheses = False
		$2.BeforeMethodCallParentheses = False
		$2.BeforeConstructorDeclarationParentheses = False
		$2.NewLineBeforeConstructorInitializerColon = NewLine
		$2.NewLineAfterConstructorInitializerColon = SameLine
		$2.BeforeDelegateDeclarationParentheses = False
		$2.NewParentheses = False
		$2.SpacesBeforeBrackets = False
		$2.inheritsSet = Mono
		$2.inheritsScope = text/x-csharp
		$2.scope = text/x-csharp
	EndGlobalSection
EndGlobal
