Microsoft Visual Studio Solution File, Format Version 12.00
# Visual Studio Version 16
VisualStudioVersion = 16.0.29519.181
MinimumVisualStudioVersion = 10.0.40219.1
Project("{2150E333-8FDC-42A3-9474-1A3956D46DE8}") = "Solution Items", "Solution Items", "{BE7B0C8A-6144-47CD-821E-B09BA1B7BADE}"
	ProjectSection(SolutionItems) = preProject
		..\.editorconfig = ..\.editorconfig
		..\Installer.iss = ..\Installer.iss
		..\LICENSE = ..\LICENSE
		..\README.md = ..\README.md
	EndProjectSection
EndProject
Project("{9A19103F-16F7-4668-BE54-9A1E7A4F7556}") = "Jackett.Service", "Jackett.Service\Jackett.Service.csproj", "{BF611F7B-4658-4CB8-AA9E-0736FADAA3BA}"
EndProject
Project("{9A19103F-16F7-4668-BE54-9A1E7A4F7556}") = "Jackett.Tray", "Jackett.Tray\Jackett.Tray.csproj", "{FF9025B1-EC14-4AA9-8081-9F69C5E35B63}"
EndProject
Project("{9A19103F-16F7-4668-BE54-9A1E7A4F7556}") = "Jackett.Updater", "Jackett.Updater\Jackett.Updater.csproj", "{A61E311A-6F8B-4497-B5E4-2EA8994C7BD8}"
EndProject
Project("{9A19103F-16F7-4668-BE54-9A1E7A4F7556}") = "Jackett.Test", "Jackett.Test\Jackett.Test.csproj", "{FA22C904-9F5D-4D3C-9122-3E33652E7373}"
EndProject
Project("{9A19103F-16F7-4668-BE54-9A1E7A4F7556}") = "DateTimeRoutines", "DateTimeRoutines\DateTimeRoutines.csproj", "{C28A79EE-EF81-4EEE-A7FE-EB636423C935}"
EndProject
Project("{9A19103F-16F7-4668-BE54-9A1E7A4F7556}") = "Jackett.Common", "Jackett.Common\Jackett.Common.csproj", "{6B854A1B-9A90-49C0-BC37-9A35C75BCA73}"
EndProject
Project("{9A19103F-16F7-4668-BE54-9A1E7A4F7556}") = "Jackett.Server", "Jackett.Server\Jackett.Server.csproj", "{84182782-EDBC-4342-ADA6-72B7694D0862}"
EndProject
Project("{9A19103F-16F7-4668-BE54-9A1E7A4F7556}") = "Jackett.IntegrationTests", "Jackett.IntegrationTests\Jackett.IntegrationTests.csproj", "{0250DEAA-ED2E-4F72-BE76-D92D80B40080}"
EndProject
Global
	GlobalSection(SolutionConfigurationPlatforms) = preSolution
		Debug|Any CPU = Debug|Any CPU
		Release|Any CPU = Release|Any CPU
	EndGlobalSection
	GlobalSection(ProjectConfigurationPlatforms) = postSolution
		{BF611F7B-4658-4CB8-AA9E-0736FADAA3BA}.Debug|Any CPU.ActiveCfg = Debug|Any CPU
		{BF611F7B-4658-4CB8-AA9E-0736FADAA3BA}.Debug|Any CPU.Build.0 = Debug|Any CPU
		{BF611F7B-4658-4CB8-AA9E-0736FADAA3BA}.Release|Any CPU.ActiveCfg = Release|Any CPU
		{BF611F7B-4658-4CB8-AA9E-0736FADAA3BA}.Release|Any CPU.Build.0 = Release|Any CPU
		{FF9025B1-EC14-4AA9-8081-9F69C5E35B63}.Debug|Any CPU.ActiveCfg = Debug|Any CPU
		{FF9025B1-EC14-4AA9-8081-9F69C5E35B63}.Debug|Any CPU.Build.0 = Debug|Any CPU
		{FF9025B1-EC14-4AA9-8081-9F69C5E35B63}.Release|Any CPU.ActiveCfg = Release|Any CPU
		{FF9025B1-EC14-4AA9-8081-9F69C5E35B63}.Release|Any CPU.Build.0 = Release|Any CPU
		{A61E311A-6F8B-4497-B5E4-2EA8994C7BD8}.Debug|Any CPU.ActiveCfg = Debug|Any CPU
		{A61E311A-6F8B-4497-B5E4-2EA8994C7BD8}.Debug|Any CPU.Build.0 = Debug|Any CPU
		{A61E311A-6F8B-4497-B5E4-2EA8994C7BD8}.Release|Any CPU.ActiveCfg = Release|Any CPU
		{A61E311A-6F8B-4497-B5E4-2EA8994C7BD8}.Release|Any CPU.Build.0 = Release|Any CPU
		{FA22C904-9F5D-4D3C-9122-3E33652E7373}.Debug|Any CPU.ActiveCfg = Debug|Any CPU
		{FA22C904-9F5D-4D3C-9122-3E33652E7373}.Debug|Any CPU.Build.0 = Debug|Any CPU
		{FA22C904-9F5D-4D3C-9122-3E33652E7373}.Release|Any CPU.ActiveCfg = Release|Any CPU
		{FA22C904-9F5D-4D3C-9122-3E33652E7373}.Release|Any CPU.Build.0 = Release|Any CPU
		{C28A79EE-EF81-4EEE-A7FE-EB636423C935}.Debug|Any CPU.ActiveCfg = Debug|Any CPU
		{C28A79EE-EF81-4EEE-A7FE-EB636423C935}.Debug|Any CPU.Build.0 = Debug|Any CPU
		{C28A79EE-EF81-4EEE-A7FE-EB636423C935}.Release|Any CPU.ActiveCfg = Release|Any CPU
		{C28A79EE-EF81-4EEE-A7FE-EB636423C935}.Release|Any CPU.Build.0 = Release|Any CPU
		{6B854A1B-9A90-49C0-BC37-9A35C75BCA73}.Debug|Any CPU.ActiveCfg = Debug|Any CPU
		{6B854A1B-9A90-49C0-BC37-9A35C75BCA73}.Debug|Any CPU.Build.0 = Debug|Any CPU
		{6B854A1B-9A90-49C0-BC37-9A35C75BCA73}.Release|Any CPU.ActiveCfg = Release|Any CPU
		{6B854A1B-9A90-49C0-BC37-9A35C75BCA73}.Release|Any CPU.Build.0 = Release|Any CPU
		{84182782-EDBC-4342-ADA6-72B7694D0862}.Debug|Any CPU.ActiveCfg = Debug|Any CPU
		{84182782-EDBC-4342-ADA6-72B7694D0862}.Debug|Any CPU.Build.0 = Debug|Any CPU
		{84182782-EDBC-4342-ADA6-72B7694D0862}.Release|Any CPU.ActiveCfg = Release|Any CPU
		{84182782-EDBC-4342-ADA6-72B7694D0862}.Release|Any CPU.Build.0 = Release|Any CPU
		{0250DEAA-ED2E-4F72-BE76-D92D80B40080}.Debug|Any CPU.ActiveCfg = Debug|Any CPU
		{0250DEAA-ED2E-4F72-BE76-D92D80B40080}.Debug|Any CPU.Build.0 = Debug|Any CPU
		{0250DEAA-ED2E-4F72-BE76-D92D80B40080}.Release|Any CPU.ActiveCfg = Release|Any CPU
		{0250DEAA-ED2E-4F72-BE76-D92D80B40080}.Release|Any CPU.Build.0 = Release|Any CPU
	EndGlobalSection
	GlobalSection(SolutionProperties) = preSolution
		HideSolutionNode = FALSE
	EndGlobalSection
	GlobalSection(ExtensibilityGlobals) = postSolution
		SolutionGuid = {54BC4102-8B85-49C1-BA12-257D941D1B97}
	EndGlobalSection
	GlobalSection(MonoDevelopProperties) = preSolution
		Policies = $0
		$0.TextStylePolicy = $3
		$1.scope = text/x-csharp
		$1.TabsToSpaces = True
		$1.EolMarker = Unix
		$0.CSharpFormattingPolicy = $2
		$2.IndentSwitchBody = True
		$2.IndentBlocksInsideExpressions = True
		$2.AnonymousMethodBraceStyle = NextLine
		$2.PropertyBraceStyle = NextLine
		$2.PropertyGetBraceStyle = NextLine
		$2.PropertySetBraceStyle = NextLine
		$2.EventBraceStyle = NextLine
		$2.EventAddBraceStyle = NextLine
		$2.EventRemoveBraceStyle = NextLine
		$2.StatementBraceStyle = NextLine
		$2.ElseNewLinePlacement = NewLine
		$2.CatchNewLinePlacement = NewLine
		$2.FinallyNewLinePlacement = NewLine
		$2.WhileNewLinePlacement = DoNotCare
		$2.ArrayInitializerWrapping = DoNotChange
		$2.ArrayInitializerBraceStyle = NextLine
		$2.BeforeMethodDeclarationParentheses = False
		$2.BeforeMethodCallParentheses = False
		$2.BeforeConstructorDeclarationParentheses = False
		$2.NewLineBeforeConstructorInitializerColon = NewLine
		$2.NewLineAfterConstructorInitializerColon = SameLine
		$2.BeforeDelegateDeclarationParentheses = False
		$2.NewParentheses = False
		$2.SpacesBeforeBrackets = False
		$2.scope = text/x-csharp
		$2.IndentSwitchSection = True
		$2.NewLinesForBracesInProperties = True
		$2.NewLinesForBracesInAccessors = True
		$2.NewLinesForBracesInAnonymousMethods = True
		$2.NewLinesForBracesInControlBlocks = True
		$2.NewLinesForBracesInAnonymousTypes = True
		$2.NewLinesForBracesInObjectCollectionArrayInitializers = True
		$2.NewLinesForBracesInLambdaExpressionBody = True
		$2.NewLineForElse = True
		$2.NewLineForCatch = True
		$2.NewLineForFinally = True
		$2.NewLineForMembersInObjectInit = True
		$2.NewLineForMembersInAnonymousTypes = True
		$2.NewLineForClausesInQuery = True
		$2.SpacingAfterMethodDeclarationName = False
		$2.SpaceAfterMethodCallName = False
		$2.SpaceBeforeOpenSquareBracket = False
		$3.FileWidth = 80
		$3.TabsToSpaces = True
		$3.scope = text/plain
	EndGlobalSection
EndGlobal
