Microsoft Visual Studio Solution File, Format Version 12.00
# Visual Studio 15
VisualStudioVersion = 15.0.27004.2008
MinimumVisualStudioVersion = 10.0.40219.1
Project("{FAE04EC0-301F-11D3-BF4B-00C04F79EFBC}") = "Jackett", "Jackett\Jackett.csproj", "{E636D5F8-68B4-4903-B4ED-CCFD9C9E899F}"
EndProject
Project("{9A19103F-16F7-4668-BE54-9A1E7A4F7556}") = "CurlSharp", "CurlSharp\CurlSharp.csproj", "{74420A79-CC16-442C-8B1E-7C1B913844F0}"
EndProject
Project("{2150E333-8FDC-42A3-9474-1A3956D46DE8}") = "Solution Items", "Solution Items", "{BE7B0C8A-6144-47CD-821E-B09BA1B7BADE}"
	ProjectSection(SolutionItems) = preProject
		..\appveyor.yml = ..\appveyor.yml
		..\build.cake = ..\build.cake
		..\Installer.iss = ..\Installer.iss
		..\LICENSE = ..\LICENSE
		..\README.md = ..\README.md
	EndProjectSection
EndProject
Project("{FAE04EC0-301F-11D3-BF4B-00C04F79EFBC}") = "Jackett.Console", "Jackett.Console\Jackett.Console.csproj", "{4E2A81DA-E235-4A88-AD20-38AABBFBF33C}"
EndProject
Project("{FAE04EC0-301F-11D3-BF4B-00C04F79EFBC}") = "Jackett.Service", "Jackett.Service\Jackett.Service.csproj", "{BF611F7B-4658-4CB8-AA9E-0736FADAA3BA}"
EndProject
Project("{FAE04EC0-301F-11D3-BF4B-00C04F79EFBC}") = "Jackett.Tray", "Jackett.Tray\Jackett.Tray.csproj", "{FF9025B1-EC14-4AA9-8081-9F69C5E35B63}"
EndProject
Project("{FAE04EC0-301F-11D3-BF4B-00C04F79EFBC}") = "Jackett.Updater", "Jackett.Updater\Jackett.Updater.csproj", "{A61E311A-6F8B-4497-B5E4-2EA8994C7BD8}"
EndProject
Project("{9A19103F-16F7-4668-BE54-9A1E7A4F7556}") = "Jackett.Test", "Jackett.Test\Jackett.Test.csproj", "{FA22C904-9F5D-4D3C-9122-3E33652E7373}"
EndProject
Project("{2150E333-8FDC-42A3-9474-1A3956D46DE8}") = "Vendor", "Vendor", "{7D7FA63C-3C2C-4B56-BD93-8CD28CF44E5D}"
EndProject
Project("{9A19103F-16F7-4668-BE54-9A1E7A4F7556}") = "DateTimeRoutines", "DateTimeRoutines\DateTimeRoutines.csproj", "{C28A79EE-EF81-4EEE-A7FE-EB636423C935}"
EndProject
Project("{2150E333-8FDC-42A3-9474-1A3956D46DE8}") = "Common", "Common", "{2FA9B879-5882-4B39-8D34-9EBCB82B4F2B}"
EndProject
Project("{9A19103F-16F7-4668-BE54-9A1E7A4F7556}") = "Jackett.Common", "Jackett.Common\Jackett.Common.csproj", "{6B854A1B-9A90-49C0-BC37-9A35C75BCA73}"
EndProject
Project("{2150E333-8FDC-42A3-9474-1A3956D46DE8}") = ".NET", ".NET", "{FF8B9A1B-AE7E-4F14-9C37-DA861D034738}"
EndProject
Project("{2150E333-8FDC-42A3-9474-1A3956D46DE8}") = ".NET Core", ".NET Core", "{6A06EC9B-AF21-4DE8-9B50-BC7E3C2C78B9}"
EndProject
Project("{2150E333-8FDC-42A3-9474-1A3956D46DE8}") = "Executables", "Executables", "{AA50F785-12B8-4669-8D4F-EAFB49258E60}"
EndProject
Global
	GlobalSection(SolutionConfigurationPlatforms) = preSolution
		Debug|Any CPU = Debug|Any CPU
		Release|Any CPU = Release|Any CPU
	EndGlobalSection
	GlobalSection(ProjectConfigurationPlatforms) = postSolution
		{E636D5F8-68B4-4903-B4ED-CCFD9C9E899F}.Debug|Any CPU.ActiveCfg = Debug|Any CPU
		{E636D5F8-68B4-4903-B4ED-CCFD9C9E899F}.Debug|Any CPU.Build.0 = Debug|Any CPU
		{E636D5F8-68B4-4903-B4ED-CCFD9C9E899F}.Release|Any CPU.ActiveCfg = Release|Any CPU
		{E636D5F8-68B4-4903-B4ED-CCFD9C9E899F}.Release|Any CPU.Build.0 = Release|Any CPU
		{74420A79-CC16-442C-8B1E-7C1B913844F0}.Debug|Any CPU.ActiveCfg = Debug|Any CPU
		{74420A79-CC16-442C-8B1E-7C1B913844F0}.Debug|Any CPU.Build.0 = Debug|Any CPU
		{74420A79-CC16-442C-8B1E-7C1B913844F0}.Release|Any CPU.ActiveCfg = Release|Any CPU
		{74420A79-CC16-442C-8B1E-7C1B913844F0}.Release|Any CPU.Build.0 = Release|Any CPU
		{4E2A81DA-E235-4A88-AD20-38AABBFBF33C}.Debug|Any CPU.ActiveCfg = Debug|Any CPU
		{4E2A81DA-E235-4A88-AD20-38AABBFBF33C}.Debug|Any CPU.Build.0 = Debug|Any CPU
		{4E2A81DA-E235-4A88-AD20-38AABBFBF33C}.Release|Any CPU.ActiveCfg = Release|Any CPU
		{4E2A81DA-E235-4A88-AD20-38AABBFBF33C}.Release|Any CPU.Build.0 = Release|Any CPU
		{BF611F7B-4658-4CB8-AA9E-0736FADAA3BA}.Debug|Any CPU.ActiveCfg = Debug|Any CPU
		{BF611F7B-4658-4CB8-AA9E-0736FADAA3BA}.Debug|Any CPU.Build.0 = Debug|Any CPU
		{BF611F7B-4658-4CB8-AA9E-0736FADAA3BA}.Release|Any CPU.ActiveCfg = Release|Any CPU
		{BF611F7B-4658-4CB8-AA9E-0736FADAA3BA}.Release|Any CPU.Build.0 = Release|Any CPU
		{FF9025B1-EC14-4AA9-8081-9F69C5E35B63}.Debug|Any CPU.ActiveCfg = Debug|Any CPU
		{FF9025B1-EC14-4AA9-8081-9F69C5E35B63}.Debug|Any CPU.Build.0 = Debug|Any CPU
		{FF9025B1-EC14-4AA9-8081-9F69C5E35B63}.Release|Any CPU.ActiveCfg = Release|Any CPU
		{FF9025B1-EC14-4AA9-8081-9F69C5E35B63}.Release|Any CPU.Build.0 = Release|Any CPU
		{A61E311A-6F8B-4497-B5E4-2EA8994C7BD8}.Debug|Any CPU.ActiveCfg = Debug|Any CPU
		{A61E311A-6F8B-4497-B5E4-2EA8994C7BD8}.Debug|Any CPU.Build.0 = Debug|Any CPU
		{A61E311A-6F8B-4497-B5E4-2EA8994C7BD8}.Release|Any CPU.ActiveCfg = Release|Any CPU
		{A61E311A-6F8B-4497-B5E4-2EA8994C7BD8}.Release|Any CPU.Build.0 = Release|Any CPU
		{FA22C904-9F5D-4D3C-9122-3E33652E7373}.Debug|Any CPU.ActiveCfg = Debug|Any CPU
		{FA22C904-9F5D-4D3C-9122-3E33652E7373}.Debug|Any CPU.Build.0 = Debug|Any CPU
		{FA22C904-9F5D-4D3C-9122-3E33652E7373}.Release|Any CPU.ActiveCfg = Release|Any CPU
		{FA22C904-9F5D-4D3C-9122-3E33652E7373}.Release|Any CPU.Build.0 = Release|Any CPU
		{C28A79EE-EF81-4EEE-A7FE-EB636423C935}.Debug|Any CPU.ActiveCfg = Debug|Any CPU
		{C28A79EE-EF81-4EEE-A7FE-EB636423C935}.Debug|Any CPU.Build.0 = Debug|Any CPU
		{C28A79EE-EF81-4EEE-A7FE-EB636423C935}.Release|Any CPU.ActiveCfg = Release|Any CPU
		{C28A79EE-EF81-4EEE-A7FE-EB636423C935}.Release|Any CPU.Build.0 = Release|Any CPU
		{6B854A1B-9A90-49C0-BC37-9A35C75BCA73}.Debug|Any CPU.ActiveCfg = Debug|Any CPU
		{6B854A1B-9A90-49C0-BC37-9A35C75BCA73}.Debug|Any CPU.Build.0 = Debug|Any CPU
		{6B854A1B-9A90-49C0-BC37-9A35C75BCA73}.Release|Any CPU.ActiveCfg = Release|Any CPU
		{6B854A1B-9A90-49C0-BC37-9A35C75BCA73}.Release|Any CPU.Build.0 = Release|Any CPU
	EndGlobalSection
	GlobalSection(SolutionProperties) = preSolution
		HideSolutionNode = FALSE
	EndGlobalSection
	GlobalSection(NestedProjects) = preSolution
		{E636D5F8-68B4-4903-B4ED-CCFD9C9E899F} = {FF8B9A1B-AE7E-4F14-9C37-DA861D034738}
		{74420A79-CC16-442C-8B1E-7C1B913844F0} = {7D7FA63C-3C2C-4B56-BD93-8CD28CF44E5D}
		{4E2A81DA-E235-4A88-AD20-38AABBFBF33C} = {FF8B9A1B-AE7E-4F14-9C37-DA861D034738}
		{BF611F7B-4658-4CB8-AA9E-0736FADAA3BA} = {FF8B9A1B-AE7E-4F14-9C37-DA861D034738}
		{FF9025B1-EC14-4AA9-8081-9F69C5E35B63} = {FF8B9A1B-AE7E-4F14-9C37-DA861D034738}
		{A61E311A-6F8B-4497-B5E4-2EA8994C7BD8} = {FF8B9A1B-AE7E-4F14-9C37-DA861D034738}
		{FA22C904-9F5D-4D3C-9122-3E33652E7373} = {FF8B9A1B-AE7E-4F14-9C37-DA861D034738}
		{7D7FA63C-3C2C-4B56-BD93-8CD28CF44E5D} = {2FA9B879-5882-4B39-8D34-9EBCB82B4F2B}
		{C28A79EE-EF81-4EEE-A7FE-EB636423C935} = {7D7FA63C-3C2C-4B56-BD93-8CD28CF44E5D}
		{6B854A1B-9A90-49C0-BC37-9A35C75BCA73} = {2FA9B879-5882-4B39-8D34-9EBCB82B4F2B}
		{FF8B9A1B-AE7E-4F14-9C37-DA861D034738} = {AA50F785-12B8-4669-8D4F-EAFB49258E60}
		{6A06EC9B-AF21-4DE8-9B50-BC7E3C2C78B9} = {AA50F785-12B8-4669-8D4F-EAFB49258E60}
	EndGlobalSection
	GlobalSection(ExtensibilityGlobals) = postSolution
		SolutionGuid = {54BC4102-8B85-49C1-BA12-257D941D1B97}
	EndGlobalSection
	GlobalSection(MonoDevelopProperties) = preSolution
		Policies = $0
		$0.TextStylePolicy = $3
		$1.scope = text/x-csharp
		$1.TabsToSpaces = True
		$1.EolMarker = Unix
		$0.CSharpFormattingPolicy = $2
		$2.IndentSwitchBody = True
		$2.IndentBlocksInsideExpressions = True
		$2.AnonymousMethodBraceStyle = NextLine
		$2.PropertyBraceStyle = NextLine
		$2.PropertyGetBraceStyle = NextLine
		$2.PropertySetBraceStyle = NextLine
		$2.EventBraceStyle = NextLine
		$2.EventAddBraceStyle = NextLine
		$2.EventRemoveBraceStyle = NextLine
		$2.StatementBraceStyle = NextLine
		$2.ElseNewLinePlacement = NewLine
		$2.CatchNewLinePlacement = NewLine
		$2.FinallyNewLinePlacement = NewLine
		$2.WhileNewLinePlacement = DoNotCare
		$2.ArrayInitializerWrapping = DoNotChange
		$2.ArrayInitializerBraceStyle = NextLine
		$2.BeforeMethodDeclarationParentheses = False
		$2.BeforeMethodCallParentheses = False
		$2.BeforeConstructorDeclarationParentheses = False
		$2.NewLineBeforeConstructorInitializerColon = NewLine
		$2.NewLineAfterConstructorInitializerColon = SameLine
		$2.BeforeDelegateDeclarationParentheses = False
		$2.NewParentheses = False
		$2.SpacesBeforeBrackets = False
		$2.scope = text/x-csharp
		$2.IndentSwitchSection = True
		$2.NewLinesForBracesInProperties = True
		$2.NewLinesForBracesInAccessors = True
		$2.NewLinesForBracesInAnonymousMethods = True
		$2.NewLinesForBracesInControlBlocks = True
		$2.NewLinesForBracesInAnonymousTypes = True
		$2.NewLinesForBracesInObjectCollectionArrayInitializers = True
		$2.NewLinesForBracesInLambdaExpressionBody = True
		$2.NewLineForElse = True
		$2.NewLineForCatch = True
		$2.NewLineForFinally = True
		$2.NewLineForMembersInObjectInit = True
		$2.NewLineForMembersInAnonymousTypes = True
		$2.NewLineForClausesInQuery = True
		$2.SpacingAfterMethodDeclarationName = False
		$2.SpaceAfterMethodCallName = False
		$2.SpaceBeforeOpenSquareBracket = False
		$3.FileWidth = 80
		$3.TabsToSpaces = True
		$3.scope = text/plain
	EndGlobalSection
EndGlobal
